Microsoft Visual Studio Solution File, Format Version 12.00
# Visual Studio Version 17
VisualStudioVersion = 17.0.31903.59
MinimumVisualStudioVersion = 10.0.40219.1
Project("{BA94524A-6F83-44C7-8C7A-005E89D3A8DB}") = "Project_6e4aa4800efd4a42916768e07ec6d0c0_20250619080305003291", "Project_6e4aa4800efd4a42916768e07ec6d0c0_20250619080305003291.csproj", "{BA94524A-6F83-44C7-8C7A-005E89D3A8DB}"
EndProject
Global
    GlobalSection(SolutionConfigurationPlatforms) = preSolution
        Debug|Any CPU = Debug|Any CPU
        Release|Any CPU = Release|Any CPU
    EndGlobalSection
    GlobalSection(ProjectConfigurationPlatforms) = postSolution
        {BA94524A-6F83-44C7-8C7A-005E89D3A8DB}.Debug|Any CPU.ActiveCfg = Debug|Any CPU
        {BA94524A-6F83-44C7-8C7A-005E89D3A8DB}.Debug|Any CPU.Build.0 = Debug|Any CPU
        {BA94524A-6F83-44C7-8C7A-005E89D3A8DB}.Release|Any CPU.ActiveCfg = Release|Any CPU
        {BA94524A-6F83-44C7-8C7A-005E89D3A8DB}.Release|Any CPU.Build.0 = Release|Any CPU
    EndGlobalSection
EndGlobal